
Microsoft Visual Studio Solution File, Format Version 12.00
# Visual Studio 2012
Project("{FAE04EC0-301F-11D3-BF4B-00C04F79EFBC}") = "Sharparam.Foobar2kLib", "Sharparam.Foobar2kLib\Sharparam.Foobar2kLib.csproj", "{073839AE-43D7-4CF0-B2A6-0F8913781F01}"
EndProject
Global
	GlobalSection(SolutionConfigurationPlatforms) = preSolution
		Debug|Any CPU = Debug|Any CPU
		Release|Any CPU = Release|Any CPU
	EndGlobalSection
	GlobalSection(ProjectConfigurationPlatforms) = postSolution
		{073839AE-43D7-4CF0-B2A6-0F8913781F01}.Debug|Any CPU.ActiveCfg = Debug|Any CPU
		{073839AE-43D7-4CF0-B2A6-0F8913781F01}.Debug|Any CPU.Build.0 = Debug|Any CPU
		{073839AE-43D7-4CF0-B2A6-0F8913781F01}.Release|Any CPU.ActiveCfg = Release|Any CPU
		{073839AE-43D7-4CF0-B2A6-0F8913781F01}.Release|Any CPU.Build.0 = Release|Any CPU
	EndGlobalSection
	GlobalSection(SolutionProperties) = preSolution
		HideSolutionNode = FALSE
	EndGlobalSection
EndGlobal
